
Microsoft Visual Studio Solution File, Format Version 12.00
# Visual Studio Version 16
VisualStudioVersion = 16.0.30320.27
MinimumVisualStudioVersion = 15.0.26124.0
Project("{2150E333-8FDC-42A3-9474-1A3956D46DE8}") = "src", "src", "{8D87D0F0-ADCC-49C5-8A02-9F36D9CC65C6}"
EndProject
Project("{2150E333-8FDC-42A3-9474-1A3956D46DE8}") = "FrostUI", "FrostUI", "{AD294D39-E824-4C78-AC54-0CC852576915}"
	ProjectSection(SolutionItems) = preProject
		.editorconfig = .editorconfig
		Directory.Build.props = Directory.Build.props
	EndProjectSection
EndProject
Project("{2150E333-8FDC-42A3-9474-1A3956D46DE8}") = "samples", "samples", "{8B74068B-A738-4BA9-A994-18B5CF1F0FD1}"
	ProjectSection(SolutionItems) = preProject
		samples\Directory.Build.props = samples\Directory.Build.props
	EndProjectSection
EndProject
Project("{9A19103F-16F7-4668-BE54-9A1E7A4F7556}") = "HelloWorld.WPF", "samples\HelloWorld.WPF\HelloWorld.WPF.csproj", "{D797D6DE-7117-485A-8C6C-9FFB0D7B7A81}"
EndProject
Project("{2150E333-8FDC-42A3-9474-1A3956D46DE8}") = "tools", "tools", "{DE791CA6-DAF6-4268-991C-00A42DA2B61A}"
EndProject
Project("{9A19103F-16F7-4668-BE54-9A1E7A4F7556}") = "CodeGenerator", "tools\CodeGenerator\CodeGenerator.csproj", "{CE320F67-A6B7-4473-BD75-C6D348EF7D86}"
EndProject
Project("{9A19103F-16F7-4668-BE54-9A1E7A4F7556}") = "FrostUI", "src\FrostUI\FrostUI.csproj", "{59AA2423-965F-400B-95E6-C74A2DA75743}"
EndProject
Project("{9A19103F-16F7-4668-BE54-9A1E7A4F7556}") = "FrostUI.WPF", "src\FrostUI.WPF\FrostUI.WPF.csproj", "{BDBE58DE-F288-4D42-B582-33B042A74BA7}"
EndProject
Global
	GlobalSection(SolutionConfigurationPlatforms) = preSolution
		Debug|Any CPU = Debug|Any CPU
		Debug|x64 = Debug|x64
		Debug|x86 = Debug|x86
		Release|Any CPU = Release|Any CPU
		Release|x64 = Release|x64
		Release|x86 = Release|x86
	EndGlobalSection
	GlobalSection(ProjectConfigurationPlatforms) = postSolution
		{D797D6DE-7117-485A-8C6C-9FFB0D7B7A81}.Debug|Any CPU.ActiveCfg = Debug|Any CPU
		{D797D6DE-7117-485A-8C6C-9FFB0D7B7A81}.Debug|Any CPU.Build.0 = Debug|Any CPU
		{D797D6DE-7117-485A-8C6C-9FFB0D7B7A81}.Debug|x64.ActiveCfg = Debug|Any CPU
		{D797D6DE-7117-485A-8C6C-9FFB0D7B7A81}.Debug|x64.Build.0 = Debug|Any CPU
		{D797D6DE-7117-485A-8C6C-9FFB0D7B7A81}.Debug|x86.ActiveCfg = Debug|Any CPU
		{D797D6DE-7117-485A-8C6C-9FFB0D7B7A81}.Debug|x86.Build.0 = Debug|Any CPU
		{D797D6DE-7117-485A-8C6C-9FFB0D7B7A81}.Release|Any CPU.ActiveCfg = Release|Any CPU
		{D797D6DE-7117-485A-8C6C-9FFB0D7B7A81}.Release|Any CPU.Build.0 = Release|Any CPU
		{D797D6DE-7117-485A-8C6C-9FFB0D7B7A81}.Release|x64.ActiveCfg = Release|Any CPU
		{D797D6DE-7117-485A-8C6C-9FFB0D7B7A81}.Release|x64.Build.0 = Release|Any CPU
		{D797D6DE-7117-485A-8C6C-9FFB0D7B7A81}.Release|x86.ActiveCfg = Release|Any CPU
		{D797D6DE-7117-485A-8C6C-9FFB0D7B7A81}.Release|x86.Build.0 = Release|Any CPU
		{CE320F67-A6B7-4473-BD75-C6D348EF7D86}.Debug|Any CPU.ActiveCfg = Debug|Any CPU
		{CE320F67-A6B7-4473-BD75-C6D348EF7D86}.Debug|Any CPU.Build.0 = Debug|Any CPU
		{CE320F67-A6B7-4473-BD75-C6D348EF7D86}.Debug|x64.ActiveCfg = Debug|Any CPU
		{CE320F67-A6B7-4473-BD75-C6D348EF7D86}.Debug|x64.Build.0 = Debug|Any CPU
		{CE320F67-A6B7-4473-BD75-C6D348EF7D86}.Debug|x86.ActiveCfg = Debug|Any CPU
		{CE320F67-A6B7-4473-BD75-C6D348EF7D86}.Debug|x86.Build.0 = Debug|Any CPU
		{CE320F67-A6B7-4473-BD75-C6D348EF7D86}.Release|Any CPU.ActiveCfg = Release|Any CPU
		{CE320F67-A6B7-4473-BD75-C6D348EF7D86}.Release|Any CPU.Build.0 = Release|Any CPU
		{CE320F67-A6B7-4473-BD75-C6D348EF7D86}.Release|x64.ActiveCfg = Release|Any CPU
		{CE320F67-A6B7-4473-BD75-C6D348EF7D86}.Release|x64.Build.0 = Release|Any CPU
		{CE320F67-A6B7-4473-BD75-C6D348EF7D86}.Release|x86.ActiveCfg = Release|Any CPU
		{CE320F67-A6B7-4473-BD75-C6D348EF7D86}.Release|x86.Build.0 = Release|Any CPU
		{59AA2423-965F-400B-95E6-C74A2DA75743}.Debug|Any CPU.ActiveCfg = Debug|Any CPU
		{59AA2423-965F-400B-95E6-C74A2DA75743}.Debug|Any CPU.Build.0 = Debug|Any CPU
		{59AA2423-965F-400B-95E6-C74A2DA75743}.Debug|x64.ActiveCfg = Debug|Any CPU
		{59AA2423-965F-400B-95E6-C74A2DA75743}.Debug|x64.Build.0 = Debug|Any CPU
		{59AA2423-965F-400B-95E6-C74A2DA75743}.Debug|x86.ActiveCfg = Debug|Any CPU
		{59AA2423-965F-400B-95E6-C74A2DA75743}.Debug|x86.Build.0 = Debug|Any CPU
		{59AA2423-965F-400B-95E6-C74A2DA75743}.Release|Any CPU.ActiveCfg = Release|Any CPU
		{59AA2423-965F-400B-95E6-C74A2DA75743}.Release|Any CPU.Build.0 = Release|Any CPU
		{59AA2423-965F-400B-95E6-C74A2DA75743}.Release|x64.ActiveCfg = Release|Any CPU
		{59AA2423-965F-400B-95E6-C74A2DA75743}.Release|x64.Build.0 = Release|Any CPU
		{59AA2423-965F-400B-95E6-C74A2DA75743}.Release|x86.ActiveCfg = Release|Any CPU
		{59AA2423-965F-400B-95E6-C74A2DA75743}.Release|x86.Build.0 = Release|Any CPU
		{BDBE58DE-F288-4D42-B582-33B042A74BA7}.Debug|Any CPU.ActiveCfg = Debug|Any CPU
		{BDBE58DE-F288-4D42-B582-33B042A74BA7}.Debug|Any CPU.Build.0 = Debug|Any CPU
		{BDBE58DE-F288-4D42-B582-33B042A74BA7}.Debug|x64.ActiveCfg = Debug|Any CPU
		{BDBE58DE-F288-4D42-B582-33B042A74BA7}.Debug|x64.Build.0 = Debug|Any CPU
		{BDBE58DE-F288-4D42-B582-33B042A74BA7}.Debug|x86.ActiveCfg = Debug|Any CPU
		{BDBE58DE-F288-4D42-B582-33B042A74BA7}.Debug|x86.Build.0 = Debug|Any CPU
		{BDBE58DE-F288-4D42-B582-33B042A74BA7}.Release|Any CPU.ActiveCfg = Release|Any CPU
		{BDBE58DE-F288-4D42-B582-33B042A74BA7}.Release|Any CPU.Build.0 = Release|Any CPU
		{BDBE58DE-F288-4D42-B582-33B042A74BA7}.Release|x64.ActiveCfg = Release|Any CPU
		{BDBE58DE-F288-4D42-B582-33B042A74BA7}.Release|x64.Build.0 = Release|Any CPU
		{BDBE58DE-F288-4D42-B582-33B042A74BA7}.Release|x86.ActiveCfg = Release|Any CPU
		{BDBE58DE-F288-4D42-B582-33B042A74BA7}.Release|x86.Build.0 = Release|Any CPU
	EndGlobalSection
	GlobalSection(SolutionProperties) = preSolution
		HideSolutionNode = FALSE
	EndGlobalSection
	GlobalSection(NestedProjects) = preSolution
		{8D87D0F0-ADCC-49C5-8A02-9F36D9CC65C6} = {AD294D39-E824-4C78-AC54-0CC852576915}
		{8B74068B-A738-4BA9-A994-18B5CF1F0FD1} = {AD294D39-E824-4C78-AC54-0CC852576915}
		{D797D6DE-7117-485A-8C6C-9FFB0D7B7A81} = {8B74068B-A738-4BA9-A994-18B5CF1F0FD1}
		{DE791CA6-DAF6-4268-991C-00A42DA2B61A} = {AD294D39-E824-4C78-AC54-0CC852576915}
		{CE320F67-A6B7-4473-BD75-C6D348EF7D86} = {DE791CA6-DAF6-4268-991C-00A42DA2B61A}
		{59AA2423-965F-400B-95E6-C74A2DA75743} = {8D87D0F0-ADCC-49C5-8A02-9F36D9CC65C6}
		{BDBE58DE-F288-4D42-B582-33B042A74BA7} = {8D87D0F0-ADCC-49C5-8A02-9F36D9CC65C6}
	EndGlobalSection
	GlobalSection(ExtensibilityGlobals) = postSolution
		SolutionGuid = {2A0DE9D0-3D77-49B7-9CA5-3338878816C1}
	EndGlobalSection
EndGlobal
